
Microsoft Visual Studio Solution File, Format Version 12.00
# Visual Studio Version 17
VisualStudioVersion = 17.3.32901.215
MinimumVisualStudioVersion = 10.0.40219.1
Project("{FAE04EC0-301F-11D3-BF4B-00C04F79EFBC}") = "WebApi", "WebApi\WebApi.csproj", "{810D4ABB-861C-4B8A-93A8-47EE8AB91DC3}"
EndProject
Global
	GlobalSection(SolutionConfigurationPlatforms) = preSolution
		Debug|Any CPU = Debug|Any CPU
		Release|Any CPU = Release|Any CPU
	EndGlobalSection
	GlobalSection(ProjectConfigurationPlatforms) = postSolution
		{810D4ABB-861C-4B8A-93A8-47EE8AB91DC3}.Debug|Any CPU.ActiveCfg = Debug|Any CPU
		{810D4ABB-861C-4B8A-93A8-47EE8AB91DC3}.Debug|Any CPU.Build.0 = Debug|Any CPU
		{810D4ABB-861C-4B8A-93A8-47EE8AB91DC3}.Release|Any CPU.ActiveCfg = Release|Any CPU
		{810D4ABB-861C-4B8A-93A8-47EE8AB91DC3}.Release|Any CPU.Build.0 = Release|Any CPU
	EndGlobalSection
	GlobalSection(SolutionProperties) = preSolution
		HideSolutionNode = FALSE
	EndGlobalSection
	GlobalSection(ExtensibilityGlobals) = postSolution
		SolutionGuid = {1353816A-3091-483A-990A-9C0FE2D78371}
	EndGlobalSection
EndGlobal
